
Microsoft Visual Studio Solution File, Format Version 12.00
# Visual Studio 15
VisualStudioVersion = 15.0.27130.2020
MinimumVisualStudioVersion = 10.0.40219.1
Project("{9A19103F-16F7-4668-BE54-9A1E7A4F7556}") = "WGSTS.Logger", "WGSTS.Logger\WGSTS.Logger.csproj", "{EE64EAE2-26E5-4EDC-99DE-6B6B8343D5F2}"
EndProject
Project("{9A19103F-16F7-4668-BE54-9A1E7A4F7556}") = "WGSTS.LoggerInterfase", "WGSTS.LoggerInterfase\WGSTS.LoggerInterfase.csproj", "{0D2EF46E-8584-43D9-ACE1-86638A4CE357}"
EndProject
Project("{9A19103F-16F7-4668-BE54-9A1E7A4F7556}") = "TestLogger", "TestLogger\TestLogger.csproj", "{CCD98504-C0B8-461E-B708-0AE37B2CF075}"
EndProject
Project("{9A19103F-16F7-4668-BE54-9A1E7A4F7556}") = "UnitTestLoggers", "UnitTestLoggers\UnitTestLoggers.csproj", "{CEDC9BCA-F27C-48CC-B707-954DC8075518}"
EndProject
Project("{9A19103F-16F7-4668-BE54-9A1E7A4F7556}") = "UnitTestLoggerInterface", "UnitTestLoggerInterface\UnitTestLoggerInterface.csproj", "{ED5C460A-DE44-492D-A72F-0F651237B050}"
EndProject
Global
	GlobalSection(SolutionConfigurationPlatforms) = preSolution
		Debug|Any CPU = Debug|Any CPU
		Release|Any CPU = Release|Any CPU
	EndGlobalSection
	GlobalSection(ProjectConfigurationPlatforms) = postSolution
		{EE64EAE2-26E5-4EDC-99DE-6B6B8343D5F2}.Debug|Any CPU.ActiveCfg = Debug|Any CPU
		{EE64EAE2-26E5-4EDC-99DE-6B6B8343D5F2}.Debug|Any CPU.Build.0 = Debug|Any CPU
		{EE64EAE2-26E5-4EDC-99DE-6B6B8343D5F2}.Release|Any CPU.ActiveCfg = Release|Any CPU
		{EE64EAE2-26E5-4EDC-99DE-6B6B8343D5F2}.Release|Any CPU.Build.0 = Release|Any CPU
		{0D2EF46E-8584-43D9-ACE1-86638A4CE357}.Debug|Any CPU.ActiveCfg = Debug|Any CPU
		{0D2EF46E-8584-43D9-ACE1-86638A4CE357}.Debug|Any CPU.Build.0 = Debug|Any CPU
		{0D2EF46E-8584-43D9-ACE1-86638A4CE357}.Release|Any CPU.ActiveCfg = Release|Any CPU
		{0D2EF46E-8584-43D9-ACE1-86638A4CE357}.Release|Any CPU.Build.0 = Release|Any CPU
		{CCD98504-C0B8-461E-B708-0AE37B2CF075}.Debug|Any CPU.ActiveCfg = Debug|Any CPU
		{CCD98504-C0B8-461E-B708-0AE37B2CF075}.Debug|Any CPU.Build.0 = Debug|Any CPU
		{CCD98504-C0B8-461E-B708-0AE37B2CF075}.Release|Any CPU.ActiveCfg = Release|Any CPU
		{CCD98504-C0B8-461E-B708-0AE37B2CF075}.Release|Any CPU.Build.0 = Release|Any CPU
		{CEDC9BCA-F27C-48CC-B707-954DC8075518}.Debug|Any CPU.ActiveCfg = Debug|Any CPU
		{CEDC9BCA-F27C-48CC-B707-954DC8075518}.Debug|Any CPU.Build.0 = Debug|Any CPU
		{CEDC9BCA-F27C-48CC-B707-954DC8075518}.Release|Any CPU.ActiveCfg = Release|Any CPU
		{CEDC9BCA-F27C-48CC-B707-954DC8075518}.Release|Any CPU.Build.0 = Release|Any CPU
		{ED5C460A-DE44-492D-A72F-0F651237B050}.Debug|Any CPU.ActiveCfg = Debug|Any CPU
		{ED5C460A-DE44-492D-A72F-0F651237B050}.Debug|Any CPU.Build.0 = Debug|Any CPU
		{ED5C460A-DE44-492D-A72F-0F651237B050}.Release|Any CPU.ActiveCfg = Release|Any CPU
		{ED5C460A-DE44-492D-A72F-0F651237B050}.Release|Any CPU.Build.0 = Release|Any CPU
	EndGlobalSection
	GlobalSection(SolutionProperties) = preSolution
		HideSolutionNode = FALSE
	EndGlobalSection
	GlobalSection(ExtensibilityGlobals) = postSolution
		SolutionGuid = {3B90B335-23EA-4C44-9A55-2F1E0AF0139A}
	EndGlobalSection
EndGlobal
